// !$*UTF8*$!
{
	archiveVersion = 1;
	classes = {
	};
	objectVersion = 56;
	objects = {

/* Begin PBXBuildFile section */
		1351511C2B84A9C6001621A0 /* Localizable.xcstrings in Resources */ = {isa = PBXBuildFile; fileRef = 1351511B2B84A9C6001621A0 /* Localizable.xcstrings */; };
		1351511F2B84AA63001621A0 /* Errors.swift in Sources */ = {isa = PBXBuildFile; fileRef = 1351511E2B84AA63001621A0 /* Errors.swift */; };
		135151212B84AAF8001621A0 /* Constants.swift in Sources */ = {isa = PBXBuildFile; fileRef = 135151202B84AAF8001621A0 /* Constants.swift */; };
		135151232B84ACAA001621A0 /* MainTabView.swift in Sources */ = {isa = PBXBuildFile; fileRef = 135151222B84ACAA001621A0 /* MainTabView.swift */; };
		135151252B84B40B001621A0 /* ProfileView.swift in Sources */ = {isa = PBXBuildFile; fileRef = 135151242B84B40B001621A0 /* ProfileView.swift */; };
		135151282B84C1D1001621A0 /* UserStatView.swift in Sources */ = {isa = PBXBuildFile; fileRef = 135151272B84C1D1001621A0 /* UserStatView.swift */; };
		1351512A2B84E7D4001621A0 /* FeedView.swift in Sources */ = {isa = PBXBuildFile; fileRef = 135151292B84E7D4001621A0 /* FeedView.swift */; };
		1351512C2B84E820001621A0 /* FeedCell.swift in Sources */ = {isa = PBXBuildFile; fileRef = 1351512B2B84E820001621A0 /* FeedCell.swift */; };
		1351512E2B850101001621A0 /* SearchView.swift in Sources */ = {isa = PBXBuildFile; fileRef = 1351512D2B850101001621A0 /* SearchView.swift */; };
		135151302B86289C001621A0 /* LoginVIew.swift in Sources */ = {isa = PBXBuildFile; fileRef = 1351512F2B86289C001621A0 /* LoginVIew.swift */; };
		135151322B862BDE001621A0 /* InstaButtonView.swift in Sources */ = {isa = PBXBuildFile; fileRef = 135151312B862BDE001621A0 /* InstaButtonView.swift */; };
		135151342B863399001621A0 /* InstaInputView.swift in Sources */ = {isa = PBXBuildFile; fileRef = 135151332B863399001621A0 /* InstaInputView.swift */; };
		135151362B8642A6001621A0 /* TextField + Extension.swift in Sources */ = {isa = PBXBuildFile; fileRef = 135151352B8642A6001621A0 /* TextField + Extension.swift */; };
		137BBA4E2B7F815E002B0EC7 /* InstaApp.swift in Sources */ = {isa = PBXBuildFile; fileRef = 137BBA4D2B7F815E002B0EC7 /* InstaApp.swift */; };
		137BBA502B7F815E002B0EC7 /* RootView.swift in Sources */ = {isa = PBXBuildFile; fileRef = 137BBA4F2B7F815E002B0EC7 /* RootView.swift */; };
		137BBA522B7F815F002B0EC7 /* Assets.xcassets in Resources */ = {isa = PBXBuildFile; fileRef = 137BBA512B7F815F002B0EC7 /* Assets.xcassets */; };
		137BBA552B7F815F002B0EC7 /* Preview Assets.xcassets in Resources */ = {isa = PBXBuildFile; fileRef = 137BBA542B7F815F002B0EC7 /* Preview Assets.xcassets */; };
/* End PBXBuildFile section */

/* Begin PBXFileReference section */
		1351511B2B84A9C6001621A0 /* Localizable.xcstrings */ = {isa = PBXFileReference; lastKnownFileType = text.json.xcstrings; path = Localizable.xcstrings; sourceTree = "<group>"; };
		1351511E2B84AA63001621A0 /* Errors.swift */ = {isa = PBXFileReference; lastKnownFileType = sourcecode.swift; path = Errors.swift; sourceTree = "<group>"; };
		135151202B84AAF8001621A0 /* Constants.swift */ = {isa = PBXFileReference; lastKnownFileType = sourcecode.swift; path = Constants.swift; sourceTree = "<group>"; };
		135151222B84ACAA001621A0 /* MainTabView.swift */ = {isa = PBXFileReference; lastKnownFileType = sourcecode.swift; path = MainTabView.swift; sourceTree = "<group>"; };
		135151242B84B40B001621A0 /* ProfileView.swift */ = {isa = PBXFileReference; lastKnownFileType = sourcecode.swift; path = ProfileView.swift; sourceTree = "<group>"; };
		135151272B84C1D1001621A0 /* UserStatView.swift */ = {isa = PBXFileReference; lastKnownFileType = sourcecode.swift; path = UserStatView.swift; sourceTree = "<group>"; };
		135151292B84E7D4001621A0 /* FeedView.swift */ = {isa = PBXFileReference; lastKnownFileType = sourcecode.swift; path = FeedView.swift; sourceTree = "<group>"; };
		1351512B2B84E820001621A0 /* FeedCell.swift */ = {isa = PBXFileReference; lastKnownFileType = sourcecode.swift; path = FeedCell.swift; sourceTree = "<group>"; };
		1351512D2B850101001621A0 /* SearchView.swift */ = {isa = PBXFileReference; lastKnownFileType = sourcecode.swift; path = SearchView.swift; sourceTree = "<group>"; };
		1351512F2B86289C001621A0 /* LoginVIew.swift */ = {isa = PBXFileReference; lastKnownFileType = sourcecode.swift; path = LoginVIew.swift; sourceTree = "<group>"; };
		135151312B862BDE001621A0 /* InstaButtonView.swift */ = {isa = PBXFileReference; lastKnownFileType = sourcecode.swift; path = InstaButtonView.swift; sourceTree = "<group>"; };
		135151332B863399001621A0 /* InstaInputView.swift */ = {isa = PBXFileReference; lastKnownFileType = sourcecode.swift; path = InstaInputView.swift; sourceTree = "<group>"; };
		135151352B8642A6001621A0 /* TextField + Extension.swift */ = {isa = PBXFileReference; lastKnownFileType = sourcecode.swift; path = "TextField + Extension.swift"; sourceTree = "<group>"; };
		137BBA4A2B7F815E002B0EC7 /* Insta.app */ = {isa = PBXFileReference; explicitFileType = wrapper.application; includeInIndex = 0; path = Insta.app; sourceTree = BUILT_PRODUCTS_DIR; };
		137BBA4D2B7F815E002B0EC7 /* InstaApp.swift */ = {isa = PBXFileReference; lastKnownFileType = sourcecode.swift; path = InstaApp.swift; sourceTree = "<group>"; };
		137BBA4F2B7F815E002B0EC7 /* RootView.swift */ = {isa = PBXFileReference; lastKnownFileType = sourcecode.swift; path = RootView.swift; sourceTree = "<group>"; };
		137BBA512B7F815F002B0EC7 /* Assets.xcassets */ = {isa = PBXFileReference; lastKnownFileType = folder.assetcatalog; path = Assets.xcassets; sourceTree = "<group>"; };
		137BBA542B7F815F002B0EC7 /* Preview Assets.xcassets */ = {isa = PBXFileReference; lastKnownFileType = folder.assetcatalog; path = "Preview Assets.xcassets"; sourceTree = "<group>"; };
/* End PBXFileReference section */

/* Begin PBXFrameworksBuildPhase section */
		137BBA472B7F815E002B0EC7 /* Frameworks */ = {
			isa = PBXFrameworksBuildPhase;
			buildActionMask = 2147483647;
			files = (
			);
			runOnlyForDeploymentPostprocessing = 0;
		};
/* End PBXFrameworksBuildPhase section */

/* Begin PBXGroup section */
		1351510E2B84A6EE001621A0 /* Resources */ = {
			isa = PBXGroup;
			children = (
				137BBA532B7F815F002B0EC7 /* Preview Content */,
				137BBA512B7F815F002B0EC7 /* Assets.xcassets */,
			);
			path = Resources;
			sourceTree = "<group>";
		};
		1351510F2B84A71E001621A0 /* App */ = {
			isa = PBXGroup;
			children = (
				137BBA4D2B7F815E002B0EC7 /* InstaApp.swift */,
			);
			path = App;
			sourceTree = "<group>";
		};
		135151102B84A728001621A0 /* Model */ = {
			isa = PBXGroup;
			children = (
			);
			path = Model;
			sourceTree = "<group>";
		};
		135151112B84A72F001621A0 /* Services */ = {
			isa = PBXGroup;
			children = (
			);
			path = Services;
			sourceTree = "<group>";
		};
		135151122B84A735001621A0 /* Extensions */ = {
			isa = PBXGroup;
			children = (
				135151352B8642A6001621A0 /* TextField + Extension.swift */,
			);
			path = Extensions;
			sourceTree = "<group>";
		};
		135151132B84A813001621A0 /* Core */ = {
			isa = PBXGroup;
			children = (
				135151262B84C183001621A0 /* Components */,
				135151142B84A8B1001621A0 /* Root */,
				135151152B84A8CF001621A0 /* Authentication */,
				135151162B84A8D6001621A0 /* Feed */,
				135151182B84A8E2001621A0 /* Profile */,
				135151172B84A8DD001621A0 /* Search */,
				135151192B84A92C001621A0 /* TabBar */,
				1351511A2B84A932001621A0 /* UploadPost */,
			);
			path = Core;
			sourceTree = "<group>";
		};
		135151142B84A8B1001621A0 /* Root */ = {
			isa = PBXGroup;
			children = (
				137BBA4F2B7F815E002B0EC7 /* RootView.swift */,
			);
			path = Root;
			sourceTree = "<group>";
		};
		135151152B84A8CF001621A0 /* Authentication */ = {
			isa = PBXGroup;
			children = (
				1351512F2B86289C001621A0 /* LoginVIew.swift */,
			);
			path = Authentication;
			sourceTree = "<group>";
		};
		135151162B84A8D6001621A0 /* Feed */ = {
			isa = PBXGroup;
			children = (
				135151292B84E7D4001621A0 /* FeedView.swift */,
				1351512B2B84E820001621A0 /* FeedCell.swift */,
			);
			path = Feed;
			sourceTree = "<group>";
		};
		135151172B84A8DD001621A0 /* Search */ = {
			isa = PBXGroup;
			children = (
				1351512D2B850101001621A0 /* SearchView.swift */,
			);
			path = Search;
			sourceTree = "<group>";
		};
		135151182B84A8E2001621A0 /* Profile */ = {
			isa = PBXGroup;
			children = (
				135151242B84B40B001621A0 /* ProfileView.swift */,
			);
			path = Profile;
			sourceTree = "<group>";
		};
		135151192B84A92C001621A0 /* TabBar */ = {
			isa = PBXGroup;
			children = (
				135151222B84ACAA001621A0 /* MainTabView.swift */,
			);
			path = TabBar;
			sourceTree = "<group>";
		};
		1351511A2B84A932001621A0 /* UploadPost */ = {
			isa = PBXGroup;
			children = (
			);
			path = UploadPost;
			sourceTree = "<group>";
		};
		1351511D2B84A9F7001621A0 /* Utilities */ = {
			isa = PBXGroup;
			children = (
				1351511B2B84A9C6001621A0 /* Localizable.xcstrings */,
				1351511E2B84AA63001621A0 /* Errors.swift */,
				135151202B84AAF8001621A0 /* Constants.swift */,
			);
			path = Utilities;
			sourceTree = "<group>";
		};
		135151262B84C183001621A0 /* Components */ = {
			isa = PBXGroup;
			children = (
				135151272B84C1D1001621A0 /* UserStatView.swift */,
				135151312B862BDE001621A0 /* InstaButtonView.swift */,
				135151332B863399001621A0 /* InstaInputView.swift */,
			);
			path = Components;
			sourceTree = "<group>";
		};
		137BBA412B7F815E002B0EC7 = {
			isa = PBXGroup;
			children = (
				137BBA4C2B7F815E002B0EC7 /* Insta */,
				137BBA4B2B7F815E002B0EC7 /* Products */,
			);
			sourceTree = "<group>";
		};
		137BBA4B2B7F815E002B0EC7 /* Products */ = {
			isa = PBXGroup;
			children = (
				137BBA4A2B7F815E002B0EC7 /* Insta.app */,
			);
			name = Products;
			sourceTree = "<group>";
		};
		137BBA4C2B7F815E002B0EC7 /* Insta */ = {
			isa = PBXGroup;
			children = (
				1351510F2B84A71E001621A0 /* App */,
				1351510E2B84A6EE001621A0 /* Resources */,
				135151122B84A735001621A0 /* Extensions */,
				1351511D2B84A9F7001621A0 /* Utilities */,
				135151112B84A72F001621A0 /* Services */,
				135151102B84A728001621A0 /* Model */,
				135151132B84A813001621A0 /* Core */,
			);
			path = Insta;
			sourceTree = "<group>";
		};
		137BBA532B7F815F002B0EC7 /* Preview Content */ = {
			isa = PBXGroup;
			children = (
				137BBA542B7F815F002B0EC7 /* Preview Assets.xcassets */,
			);
			path = "Preview Content";
			sourceTree = "<group>";
		};
/* End PBXGroup section */

/* Begin PBXNativeTarget section */
		137BBA492B7F815E002B0EC7 /* Insta */ = {
			isa = PBXNativeTarget;
			buildConfigurationList = 137BBA582B7F815F002B0EC7 /* Build configuration list for PBXNativeTarget "Insta" */;
			buildPhases = (
				137BBA462B7F815E002B0EC7 /* Sources */,
				137BBA472B7F815E002B0EC7 /* Frameworks */,
				137BBA482B7F815E002B0EC7 /* Resources */,
			);
			buildRules = (
			);
			dependencies = (
			);
			name = Insta;
			productName = Insta;
			productReference = 137BBA4A2B7F815E002B0EC7 /* Insta.app */;
			productType = "com.apple.product-type.application";
		};
/* End PBXNativeTarget section */

/* Begin PBXProject section */
		137BBA422B7F815E002B0EC7 /* Project object */ = {
			isa = PBXProject;
			attributes = {
				BuildIndependentTargetsInParallel = 1;
				LastSwiftUpdateCheck = 1520;
				LastUpgradeCheck = 1520;
				TargetAttributes = {
					137BBA492B7F815E002B0EC7 = {
						CreatedOnToolsVersion = 15.2;
					};
				};
			};
			buildConfigurationList = 137BBA452B7F815E002B0EC7 /* Build configuration list for PBXProject "Insta" */;
			compatibilityVersion = "Xcode 14.0";
			developmentRegion = en;
			hasScannedForEncodings = 0;
			knownRegions = (
				en,
				Base,
				ru,
			);
			mainGroup = 137BBA412B7F815E002B0EC7;
			productRefGroup = 137BBA4B2B7F815E002B0EC7 /* Products */;
			projectDirPath = "";
			projectRoot = "";
			targets = (
				137BBA492B7F815E002B0EC7 /* Insta */,
			);
		};
/* End PBXProject section */

/* Begin PBXResourcesBuildPhase section */
		137BBA482B7F815E002B0EC7 /* Resources */ = {
			isa = PBXResourcesBuildPhase;
			buildActionMask = 2147483647;
			files = (
				137BBA552B7F815F002B0EC7 /* Preview Assets.xcassets in Resources */,
				137BBA522B7F815F002B0EC7 /* Assets.xcassets in Resources */,
				1351511C2B84A9C6001621A0 /* Localizable.xcstrings in Resources */,
			);
			runOnlyForDeploymentPostprocessing = 0;
		};
/* End PBXResourcesBuildPhase section */

/* Begin PBXSourcesBuildPhase section */
		137BBA462B7F815E002B0EC7 /* Sources */ = {
			isa = PBXSourcesBuildPhase;
			buildActionMask = 2147483647;
			files = (
				1351512E2B850101001621A0 /* SearchView.swift in Sources */,
				1351512A2B84E7D4001621A0 /* FeedView.swift in Sources */,
				137BBA502B7F815E002B0EC7 /* RootView.swift in Sources */,
				1351511F2B84AA63001621A0 /* Errors.swift in Sources */,
				137BBA4E2B7F815E002B0EC7 /* InstaApp.swift in Sources */,
				135151282B84C1D1001621A0 /* UserStatView.swift in Sources */,
				135151342B863399001621A0 /* InstaInputView.swift in Sources */,
				135151322B862BDE001621A0 /* InstaButtonView.swift in Sources */,
				135151212B84AAF8001621A0 /* Constants.swift in Sources */,
				135151252B84B40B001621A0 /* ProfileView.swift in Sources */,
				135151232B84ACAA001621A0 /* MainTabView.swift in Sources */,
				135151302B86289C001621A0 /* LoginVIew.swift in Sources */,
				1351512C2B84E820001621A0 /* FeedCell.swift in Sources */,
				135151362B8642A6001621A0 /* TextField + Extension.swift in Sources */,
			);
			runOnlyForDeploymentPostprocessing = 0;
		};
/* End PBXSourcesBuildPhase section */

/* Begin XCBuildConfiguration section */
		137BBA562B7F815F002B0EC7 /* Debug */ = {
			isa = XCBuildConfiguration;
			buildSettings = {
				ALWAYS_SEARCH_USER_PATHS = NO;
				ASSETCATALOG_COMPILER_GENERATE_SWIFT_ASSET_SYMBOL_EXTENSIONS = YES;
				CLANG_ANALYZER_NONNULL = YES;
				CLANG_ANALYZER_NUMBER_OBJECT_CONVERSION = YES_AGGRESSIVE;
				CLANG_CXX_LANGUAGE_STANDARD = "gnu++20";
				CLANG_ENABLE_MODULES = YES;
				CLANG_ENABLE_OBJC_ARC = YES;
				CLANG_ENABLE_OBJC_WEAK = YES;
				CLANG_WARN_BLOCK_CAPTURE_AUTORELEASING = YES;
				CLANG_WARN_BOOL_CONVERSION = YES;
				CLANG_WARN_COMMA = YES;
				CLANG_WARN_CONSTANT_CONVERSION = YES;
				CLANG_WARN_DEPRECATED_OBJC_IMPLEMENTATIONS = YES;
				CLANG_WARN_DIRECT_OBJC_ISA_USAGE = YES_ERROR;
				CLANG_WARN_DOCUMENTATION_COMMENTS = YES;
				CLANG_WARN_EMPTY_BODY = YES;
				CLANG_WARN_ENUM_CONVERSION = YES;
				CLANG_WARN_INFINITE_RECURSION = YES;
				CLANG_WARN_INT_CONVERSION = YES;
				CLANG_WARN_NON_LITERAL_NULL_CONVERSION = YES;
				CLANG_WARN_OBJC_IMPLICIT_RETAIN_SELF = YES;
				CLANG_WARN_OBJC_LITERAL_CONVERSION = YES;
				CLANG_WARN_OBJC_ROOT_CLASS = YES_ERROR;
				CLANG_WARN_QUOTED_INCLUDE_IN_FRAMEWORK_HEADER = YES;
				CLANG_WARN_RANGE_LOOP_ANALYSIS = YES;
				CLANG_WARN_STRICT_PROTOTYPES = YES;
				CLANG_WARN_SUSPICIOUS_MOVE = YES;
				CLANG_WARN_UNGUARDED_AVAILABILITY = YES_AGGRESSIVE;
				CLANG_WARN_UNREACHABLE_CODE = YES;
				CLANG_WARN__DUPLICATE_METHOD_MATCH = YES;
				COPY_PHASE_STRIP = NO;
				DEBUG_INFORMATION_FORMAT = dwarf;
				ENABLE_STRICT_OBJC_MSGSEND = YES;
				ENABLE_TESTABILITY = YES;
				ENABLE_USER_SCRIPT_SANDBOXING = YES;
				GCC_C_LANGUAGE_STANDARD = gnu17;
				GCC_DYNAMIC_NO_PIC = NO;
				GCC_NO_COMMON_BLOCKS = YES;
				GCC_OPTIMIZATION_LEVEL = 0;
				GCC_PREPROCESSOR_DEFINITIONS = (
					"DEBUG=1",
					"$(inherited)",
				);
				GCC_WARN_64_TO_32_BIT_CONVERSION = YES;
				GCC_WARN_ABOUT_RETURN_TYPE = YES_ERROR;
				GCC_WARN_UNDECLARED_SELECTOR = YES;
				GCC_WARN_UNINITIALIZED_AUTOS = YES_AGGRESSIVE;
				GCC_WARN_UNUSED_FUNCTION = YES;
				GCC_WARN_UNUSED_VARIABLE = YES;
				IPHONEOS_DEPLOYMENT_TARGET = 17.2;
				LOCALIZATION_PREFERS_STRING_CATALOGS = YES;
				MTL_ENABLE_DEBUG_INFO = INCLUDE_SOURCE;
				MTL_FAST_MATH = YES;
				ONLY_ACTIVE_ARCH = YES;
				SDKROOT = iphoneos;
				SWIFT_ACTIVE_COMPILATION_CONDITIONS = "DEBUG $(inherited)";
				SWIFT_OPTIMIZATION_LEVEL = "-Onone";
			};
			name = Debug;
		};
		137BBA572B7F815F002B0EC7 /* Release */ = {
			isa = XCBuildConfiguration;
			buildSettings = {
				ALWAYS_SEARCH_USER_PATHS = NO;
				ASSETCATALOG_COMPILER_GENERATE_SWIFT_ASSET_SYMBOL_EXTENSIONS = YES;
				CLANG_ANALYZER_NONNULL = YES;
				CLANG_ANALYZER_NUMBER_OBJECT_CONVERSION = YES_AGGRESSIVE;
				CLANG_CXX_LANGUAGE_STANDARD = "gnu++20";
				CLANG_ENABLE_MODULES = YES;
				CLANG_ENABLE_OBJC_ARC = YES;
				CLANG_ENABLE_OBJC_WEAK = YES;
				CLANG_WARN_BLOCK_CAPTURE_AUTORELEASING = YES;
				CLANG_WARN_BOOL_CONVERSION = YES;
				CLANG_WARN_COMMA = YES;
				CLANG_WARN_CONSTANT_CONVERSION = YES;
				CLANG_WARN_DEPRECATED_OBJC_IMPLEMENTATIONS = YES;
				CLANG_WARN_DIRECT_OBJC_ISA_USAGE = YES_ERROR;
				CLANG_WARN_DOCUMENTATION_COMMENTS = YES;
				CLANG_WARN_EMPTY_BODY = YES;
				CLANG_WARN_ENUM_CONVERSION = YES;
				CLANG_WARN_INFINITE_RECURSION = YES;
				CLANG_WARN_INT_CONVERSION = YES;
				CLANG_WARN_NON_LITERAL_NULL_CONVERSION = YES;
				CLANG_WARN_OBJC_IMPLICIT_RETAIN_SELF = YES;
				CLANG_WARN_OBJC_LITERAL_CONVERSION = YES;
				CLANG_WARN_OBJC_ROOT_CLASS = YES_ERROR;
				CLANG_WARN_QUOTED_INCLUDE_IN_FRAMEWORK_HEADER = YES;
				CLANG_WARN_RANGE_LOOP_ANALYSIS = YES;
				CLANG_WARN_STRICT_PROTOTYPES = YES;
				CLANG_WARN_SUSPICIOUS_MOVE = YES;
				CLANG_WARN_UNGUARDED_AVAILABILITY = YES_AGGRESSIVE;
				CLANG_WARN_UNREACHABLE_CODE = YES;
				CLANG_WARN__DUPLICATE_METHOD_MATCH = YES;
				COPY_PHASE_STRIP = NO;
				DEBUG_INFORMATION_FORMAT = "dwarf-with-dsym";
				ENABLE_NS_ASSERTIONS = NO;
				ENABLE_STRICT_OBJC_MSGSEND = YES;
				ENABLE_USER_SCRIPT_SANDBOXING = YES;
				GCC_C_LANGUAGE_STANDARD = gnu17;
				GCC_NO_COMMON_BLOCKS = YES;
				GCC_WARN_64_TO_32_BIT_CONVERSION = YES;
				GCC_WARN_ABOUT_RETURN_TYPE = YES_ERROR;
				GCC_WARN_UNDECLARED_SELECTOR = YES;
				GCC_WARN_UNINITIALIZED_AUTOS = YES_AGGRESSIVE;
				GCC_WARN_UNUSED_FUNCTION = YES;
				GCC_WARN_UNUSED_VARIABLE = YES;
				IPHONEOS_DEPLOYMENT_TARGET = 17.2;
				LOCALIZATION_PREFERS_STRING_CATALOGS = YES;
				MTL_ENABLE_DEBUG_INFO = NO;
				MTL_FAST_MATH = YES;
				SDKROOT = iphoneos;
				SWIFT_COMPILATION_MODE = wholemodule;
				VALIDATE_PRODUCT = YES;
			};
			name = Release;
		};
		137BBA592B7F815F002B0EC7 /* Debug */ = {
			isa = XCBuildConfiguration;
			buildSettings = {
				ASSETCATALOG_COMPILER_APPICON_NAME = AppIcon;
				ASSETCATALOG_COMPILER_GLOBAL_ACCENT_COLOR_NAME = AccentColor;
				CODE_SIGN_STYLE = Automatic;
				CURRENT_PROJECT_VERSION = 1;
				DEVELOPMENT_ASSET_PATHS = "Insta/Resources/Preview\\ Content";
				DEVELOPMENT_TEAM = LRWQUTLHSS;
				ENABLE_PREVIEWS = YES;
				GENERATE_INFOPLIST_FILE = YES;
				INFOPLIST_KEY_UIApplicationSceneManifest_Generation = YES;
				INFOPLIST_KEY_UIApplicationSupportsIndirectInputEvents = YES;
				INFOPLIST_KEY_UILaunchScreen_Generation = YES;
				INFOPLIST_KEY_UISupportedInterfaceOrientations = UIInterfaceOrientationPortrait;
				INFOPLIST_KEY_UISupportedInterfaceOrientations_iPad = "UIInterfaceOrientationLandscapeLeft UIInterfaceOrientationLandscapeRight UIInterfaceOrientationPortrait UIInterfaceOrientationPortraitUpsideDown";
				LD_RUNPATH_SEARCH_PATHS = (
					"$(inherited)",
					"@executable_path/Frameworks",
				);
				MARKETING_VERSION = 1.0;
				PRODUCT_BUNDLE_IDENTIFIER = ru.vsevolodtsarev.Insta;
				PRODUCT_NAME = "$(TARGET_NAME)";
				SUPPORTED_PLATFORMS = "iphoneos iphonesimulator";
				SUPPORTS_MACCATALYST = NO;
				SUPPORTS_MAC_DESIGNED_FOR_IPHONE_IPAD = NO;
				SUPPORTS_XR_DESIGNED_FOR_IPHONE_IPAD = NO;
				SWIFT_EMIT_LOC_STRINGS = YES;
				SWIFT_VERSION = 5.0;
				TARGETED_DEVICE_FAMILY = 1;
			};
			name = Debug;
		};
		137BBA5A2B7F815F002B0EC7 /* Release */ = {
			isa = XCBuildConfiguration;
			buildSettings = {
				ASSETCATALOG_COMPILER_APPICON_NAME = AppIcon;
				ASSETCATALOG_COMPILER_GLOBAL_ACCENT_COLOR_NAME = AccentColor;
				CODE_SIGN_STYLE = Automatic;
				CURRENT_PROJECT_VERSION = 1;
				DEVELOPMENT_ASSET_PATHS = "Insta/Resources/Preview\\ Content";
				DEVELOPMENT_TEAM = LRWQUTLHSS;
				ENABLE_PREVIEWS = YES;
				GENERATE_INFOPLIST_FILE = YES;
				INFOPLIST_KEY_UIApplicationSceneManifest_Generation = YES;
				INFOPLIST_KEY_UIApplicationSupportsIndirectInputEvents = YES;
				INFOPLIST_KEY_UILaunchScreen_Generation = YES;
				INFOPLIST_KEY_UISupportedInterfaceOrientations = UIInterfaceOrientationPortrait;
				INFOPLIST_KEY_UISupportedInterfaceOrientations_iPad = "UIInterfaceOrientationLandscapeLeft UIInterfaceOrientationLandscapeRight UIInterfaceOrientationPortrait UIInterfaceOrientationPortraitUpsideDown";
				LD_RUNPATH_SEARCH_PATHS = (
					"$(inherited)",
					"@executable_path/Frameworks",
				);
				MARKETING_VERSION = 1.0;
				PRODUCT_BUNDLE_IDENTIFIER = ru.vsevolodtsarev.Insta;
				PRODUCT_NAME = "$(TARGET_NAME)";
				SUPPORTED_PLATFORMS = "iphoneos iphonesimulator";
				SUPPORTS_MACCATALYST = NO;
				SUPPORTS_MAC_DESIGNED_FOR_IPHONE_IPAD = NO;
				SUPPORTS_XR_DESIGNED_FOR_IPHONE_IPAD = NO;
				SWIFT_EMIT_LOC_STRINGS = YES;
				SWIFT_VERSION = 5.0;
				TARGETED_DEVICE_FAMILY = 1;
			};
			name = Release;
		};
/* End XCBuildConfiguration section */

/* Begin XCConfigurationList section */
		137BBA452B7F815E002B0EC7 /* Build configuration list for PBXProject "Insta" */ = {
			isa = XCConfigurationList;
			buildConfigurations = (
				137BBA562B7F815F002B0EC7 /* Debug */,
				137BBA572B7F815F002B0EC7 /* Release */,
			);
			defaultConfigurationIsVisible = 0;
			defaultConfigurationName = Release;
		};
		137BBA582B7F815F002B0EC7 /* Build configuration list for PBXNativeTarget "Insta" */ = {
			isa = XCConfigurationList;
			buildConfigurations = (
				137BBA592B7F815F002B0EC7 /* Debug */,
				137BBA5A2B7F815F002B0EC7 /* Release */,
			);
			defaultConfigurationIsVisible = 0;
			defaultConfigurationName = Release;
		};
/* End XCConfigurationList section */
	};
	rootObject = 137BBA422B7F815E002B0EC7 /* Project object */;
}
